
Microsoft Visual Studio Solution File, Format Version 12.00
# Visual Studio Version 17
VisualStudioVersion = 17.11.35222.181
MinimumVisualStudioVersion = 10.0.40219.1
Project("{9A19103F-16F7-4668-BE54-9A1E7A4F7556}") = "ScreenShotWPF", "ScreenShotWPF\ScreenShotWPF.csproj", "{C5563C1A-719B-42D9-96EE-894F2208A4AB}"
EndProject
Global
	GlobalSection(SolutionConfigurationPlatforms) = preSolution
		Debug|Any CPU = Debug|Any CPU
		Release|Any CPU = Release|Any CPU
	EndGlobalSection
	GlobalSection(ProjectConfigurationPlatforms) = postSolution
		{C5563C1A-719B-42D9-96EE-894F2208A4AB}.Debug|Any CPU.ActiveCfg = Debug|Any CPU
		{C5563C1A-719B-42D9-96EE-894F2208A4AB}.Debug|Any CPU.Build.0 = Debug|Any CPU
		{C5563C1A-719B-42D9-96EE-894F2208A4AB}.Release|Any CPU.ActiveCfg = Release|Any CPU
		{C5563C1A-719B-42D9-96EE-894F2208A4AB}.Release|Any CPU.Build.0 = Release|Any CPU
	EndGlobalSection
	GlobalSection(SolutionProperties) = preSolution
		HideSolutionNode = FALSE
	EndGlobalSection
	GlobalSection(ExtensibilityGlobals) = postSolution
		SolutionGuid = {547C54EC-E506-41BC-AAFA-D3A07DFBCEF1}
	EndGlobalSection
EndGlobal
